
Microsoft Visual Studio Solution File, Format Version 12.00
# Visual Studio Version 17
VisualStudioVersion = 17.5.33414.496
MinimumVisualStudioVersion = 10.0.40219.1
Project("{FAE04EC0-301F-11D3-BF4B-00C04F79EFBC}") = "GridDirectX", "GridDirectX.csproj", "{964F708F-21D2-4FE6-BAF1-7554DB98688A}"
EndProject
Global
	GlobalSection(SolutionConfigurationPlatforms) = preSolution
		Debug|Any CPU = Debug|Any CPU
		Release|Any CPU = Release|Any CPU
	EndGlobalSection
	GlobalSection(ProjectConfigurationPlatforms) = postSolution
		{964F708F-21D2-4FE6-BAF1-7554DB98688A}.Debug|Any CPU.ActiveCfg = Debug|Any CPU
		{964F708F-21D2-4FE6-BAF1-7554DB98688A}.Debug|Any CPU.Build.0 = Debug|Any CPU
		{964F708F-21D2-4FE6-BAF1-7554DB98688A}.Release|Any CPU.ActiveCfg = Release|Any CPU
		{964F708F-21D2-4FE6-BAF1-7554DB98688A}.Release|Any CPU.Build.0 = Release|Any CPU
	EndGlobalSection
	GlobalSection(SolutionProperties) = preSolution
		HideSolutionNode = FALSE
	EndGlobalSection
	GlobalSection(ExtensibilityGlobals) = postSolution
		SolutionGuid = {ACF975BC-5FA7-4C6F-9E74-CC51B37782C8}
	EndGlobalSection
EndGlobal
